{
    "_meta": {
        "hash": {
            "sha256": "0a7000e119434f0edbd9ca3dc83cf18a84fe968028f221b7f52ddb390d30742f"
        },
        "pipfile-spec": 6,
        "requires": {
            "python_version": "3.8.6"
        },
        "sources": [
            {
                "name": "pypi",
                "url": "https://pypi.org/simple",
                "verify_ssl": true
            }
        ]
    },
    "default": {
        "boto3": {
            "hashes": [
                "sha256:92041aa7589c886020cabd80eb58b89ace2f0094571792fccae24b9a8b3b97d7",
                "sha256:9f132c34e20110dea019293c89cede49b0a56be615b3e1debf98390ed9f1f7b9"
            ],
            "index": "pypi",
            "version": "==1.17.3"
        },
        "botocore": {
            "hashes": [
                "sha256:1dae84c68b109f596f58cc2e9fa87704ccd40dcbc12144a89205f85efa7f9135",
                "sha256:a0fdded1c9636899ab273f50bf123f79b91439a8c282b5face8b5f4a48b493cb"
            ],
            "markers": "python_version >= '2.7' and python_version not in '3.0, 3.1, 3.2, 3.3, 3.4, 3.5'",
            "version": "==1.20.3"
        },
        "cbpro": {
            "hashes": [
                "sha256:41da064d06ee02560683e5bea6f82b57beff7aae1f469c7f9d4fef3415dfaed1",
                "sha256:ba4738b396f4736e4cad5b7f45401df6873b4dfd1a5f35ad65cea0b55ee4e603"
            ],
            "index": "pypi",
            "version": "==1.1.4"
        },
        "jmespath": {
            "hashes": [
                "sha256:b85d0567b8666149a93172712e68920734333c0ce7e89b78b3e987f71e5ed4f9",
                "sha256:cdf6525904cc597730141d61b36f2e4b8ecc257c420fa2f4549bac2c2d0cb72f"
            ],
            "markers": "python_version >= '2.6' and python_version not in '3.0, 3.1, 3.2'",
            "version": "==0.10.0"
        },
        "pymongo": {
            "hashes": [
                "sha256:0406a8b7b913849cce46a5627af4d799f2569692b848768243400984838e0ee4",
                "sha256:0ce91b475d50b70388f512a2780bf91b0de643175d3f60bae3786ee4f133e751",
                "sha256:0da7d92b45ef757357cc53539ff7c99328b50abf6bc930e4ab19f8b2fe1418da",
                "sha256:0e8c06be657833c71113a9f9de014ea8507c942cfbfc035e0858e496e11d4521",
                "sha256:0f0e2cd634a5f97fe84b8a860c52e86cee488764031505cdc7c855f01fed7bd4",
                "sha256:166746d50df39c3d293ff26f18c64d728b4ac59b3d1940fb6475ad22820ba439",
                "sha256:1863a7ee4080388a7e247c7f8040c2a1e1288cecc3792cdcbe25a4b55a3f4a75",
                "sha256:187d3ad2377a14553e5a185e1ad6e97cc60f7b939b4bb027c815ec77c482077c",
                "sha256:190f7b10e51bb4302bc97ab9f032447016c173af181fc6019e39c1e5d965a3cf",
                "sha256:1f1da2f5235911666f51c889dcd73cc604981df79b1c189adeed5aa90bfb637f",
                "sha256:2402fd747dede03c0651a27c69b14cc1122afbe13ab4be96ddd77f617e8ae547",
                "sha256:2652d255b3a0b16a49c743879e882d6c3de40166282fa791075ad5db0285cbb4",
                "sha256:28be0827bd176c844fc0c06d99dae95bf0f720b6ff3616099f3ab6d0e1742602",
                "sha256:336cfaff2b25210355864b547417c37aca2fd71450440a16156bfaadcbc0537b",
                "sha256:38fddffcd47b51415eef97290643dda4e72c7bf32af798df128d9ad94196f029",
                "sha256:39961f650fca9b3c6a8294a47707c328283d42e298712030b1992083900f00c3",
                "sha256:3eda499d1a6e584c448b8abb66c4cb7af02ba50f70a99a3063c4d9c460130e38",
                "sha256:41c892df7f67ec9aa76f4e1b4e093ac18d9a9ebafa6c60fc4e57db68eadb0d87",
                "sha256:4b68b6defa12b96e1087871e677ee8b9d67bbf57b1b70ee54ed19d2ee9dca538",
                "sha256:521676f3f2739a6b92d8d7bd7141653594e609b5827a382b0b9d76da69eefb2e",
                "sha256:57197ac3f47eeef633eec0ea46ddc3895904d0daf2bd271d85a5d691de539171",
                "sha256:6c2b1b2ec87873c1d1e38b32378ad428409264d674cceaf1552d557d7f961e57",
                "sha256:728a624a35383b147f2fca6051fb9604c7209ad0d9b65e35bf429e563d999e8a",
                "sha256:7707ed70ea993dbde549979065afb5d5d00ba6c3cf7da20f17e8614b68ffe88a",
                "sha256:7c9bf2cb808e692ccc02f84069744496f65b656218fabdc289014900834bd906",
                "sha256:8077f89268d702dfae5a633a389f7775122e4146e05e9d6c8b0ee12c91e4d84c",
                "sha256:8946a46e3b9c4a7f0feb6909093594ab10771bda0fc4601901666b27043fc100",
                "sha256:8de6afe3aa34be4800a0bc49ce8f0d05c5e936b4ec297322e64bb6db8e5fd754",
                "sha256:906a13ad6081c5cb5c6862879bc22aa738a4ae12561c6b4ae64d2ff1b4fc47f5",
                "sha256:a02035ab7ebef71f7fc4aaa0c2344bcc7d74c6de64a000464184f8cb9496966f",
                "sha256:a11b456b549583d76a1ccca20a4a0ee710489e67753b3f3082cd929556693f31",
                "sha256:a2db35462e056062f9906d36701e64c49c57007f438ba778cdeca68b08ca6937",
                "sha256:a516bddf391ccded8a9fe75672200bfedb20449e09661f3f785e8e695a6b15e4",
                "sha256:a5eb01a8cf44d15c92a58cdb06fa0137084d33279b1d0db8db8144a16b4efe64",
                "sha256:a792ad4448aa316d66f0dd47a736e18497e7d535aa33e57c6c38c1d518ff8f8d",
                "sha256:a7c3a6f32eb910fbdc0dde9aca9fb5407726cd21504d0a67334109f6aaade94e",
                "sha256:abbcbdabe9fd64b107f3aef5c68a20f22906c5f941e75b8414a026e8860af489",
                "sha256:b0810290e450d680fafe277adee94e7fc9d306df3b6cde7379482ff31e4ebcdf",
                "sha256:b5c733bacc61255484523c93e748527be9b92ea2714cd61e3aa84ad13f822154",
                "sha256:bc2e6b5bc53269cad1f06ac32a86777a3b8761459f155c6bb14b25844720c0b1",
                "sha256:c612ed53c88071da75a4998add30971d9e90e80c83339c86e3be5ebd6913e32b",
                "sha256:cf8846fb59caffa587ba14da78f8fb23dba85017e009c1d752469b0005c444bf",
                "sha256:d0e516d07979c43a65927cd98c8bda84c7620f09658e9f424ebfff8f28994f77",
                "sha256:d2701658ea78ad484cd077fecb68de130de9a4ed784cc0a62d8d1d549d2b3fff",
                "sha256:d3aabb3dfc564d4b797c3805f3f3b4ce24de6c7150041f9caad536f4c672110b",
                "sha256:dd647f898031efefc093c14960b531ce13c10cd704dc0b43604cb93b168719e5",
                "sha256:de34e59bd786bf54c0a1e6bcb383f42bd7c0fd516ffdd9bed8f00fbcdb4138c0",
                "sha256:e820d93414f3bec1fa456c84afbd4af1b43ff41366321619db74e6bc065d6924",
                "sha256:ef5dc292d27cb65a04776eaf0c9b5e6a87d6fd03f272a7043816fb8b946f4d8d",
                "sha256:f61846b324456c388b11b5b2231aa15f93b521a4661ff1bc74c351d6b1f92f1b",
                "sha256:fd22e54beb634e3568638862f305ccd3a78a89fa14a2b62397255b3510eb6bca",
                "sha256:fe84e35792193b8b7436cfeb0dc6df9bd77d1ce47321be8e40fb3e0277a5941a",
                "sha256:ffaf9e135f9321423ac50035c4e3854b4f668e5a46c81d2e3341ae0504279ba3"
            ],
            "version": "==3.5.1"
        },
        "python-dateutil": {
            "hashes": [
                "sha256:73ebfe9dbf22e832286dafa60473e4cd239f8592f699aa5adaf10050e6e1823c",
                "sha256:75bb3f31ea686f1197762692a9ee6a7550b59fc6ca3a1f4b5d7e32fb98e2da2a"
            ],
            "markers": "python_version >= '2.7' and python_version not in '3.0, 3.1, 3.2'",
            "version": "==2.8.1"
        },
        "python-dotenv": {
            "hashes": [
                "sha256:0c8d1b80d1a1e91717ea7d526178e3882732420b03f08afea0406db6402e220e",
                "sha256:587825ed60b1711daea4832cf37524dfd404325b7db5e25ebe88c495c9f807a0"
            ],
            "index": "pypi",
            "version": "==0.15.0"
        },
        "requests": {
            "hashes": [
                "sha256:1a720e8862a41aa22e339373b526f508ef0c8988baf48b84d3fc891a8e237efb",
                "sha256:5722cd09762faa01276230270ff16af7acf7c5c45d623868d9ba116f15791ce8"
            ],
            "index": "pypi",
            "version": "==2.13.0"
        },
        "s3transfer": {
            "hashes": [
                "sha256:1e28620e5b444652ed752cf87c7e0cb15b0e578972568c6609f0f18212f259ed",
                "sha256:7fdddb4f22275cf1d32129e21f056337fd2a80b6ccef1664528145b72c49e6d2"
            ],
            "version": "==0.3.4"
        },
        "six": {
            "hashes": [
                "sha256:0ff78c403d9bccf5a425a6d31a12aa6b47f1c21ca4dc2573a7e2f32a97335eb1",
                "sha256:105f8d68616f8248e24bf0e9372ef04d3cc10104f1980f54d57b2ce73a5ad56a"
            ],
            "version": "==1.10.0"
        },
        "sortedcontainers": {
            "hashes": [
                "sha256:37257a32add0a3ee490bb170b599e93095eed89a55da91fa9f48753ea12fd73f",
                "sha256:59cc937650cf60d677c16775597c89a960658a09cf7c1a668f86e1e4464b10a1"
            ],
            "version": "==2.3.0"
        },
        "urllib3": {
            "hashes": [
                "sha256:1b465e494e3e0d8939b50680403e3aedaa2bc434b7d5af64dfd3c958d7f5ae80",
                "sha256:de3eedaad74a2683334e282005cd8d7f22f4d55fa690a2a1020a416cb0a47e73"
            ],
            "markers": "python_version >= '2.7' and python_version not in '3.0, 3.1, 3.2, 3.3, 3.4' and python_version < '4'",
            "version": "==1.26.3"
        },
        "websocket-client": {
            "hashes": [
                "sha256:40ac14a0c54e14d22809a5c8d553de5a2ae45de3c60105fae53bcb281b3fe6fb"
            ],
            "version": "==0.40.0"
        }
    },
    "develop": {
        "attrs": {
            "hashes": [
                "sha256:31b2eced602aa8423c2aea9c76a724617ed67cf9513173fd3a4f03e3a929c7e6",
                "sha256:832aa3cde19744e49938b91fea06d69ecb9e649c93ba974535d08ad92164f700"
            ],
            "markers": "python_version >= '2.7' and python_version not in '3.0, 3.1, 3.2, 3.3'",
            "version": "==20.3.0"
        },
        "aws-cdk-aws-applicationautoscaling": {
            "hashes": [
                "sha256:26d2b996a2e300eccab6a0b98c84ceeaddaebdd83796cee04b950d5c75365046",
                "sha256:d9cacdece706f81551c724769a98ba51fcb95684ad02619fe0222d89086b7e83"
            ],
            "index": "pypi",
            "version": "==1.88.0"
        },
        "aws-cdk-aws-ecs": {
            "hashes": [
                "sha256:4415f40da5930faa19cf6104afe551b64f749c9c346c0897d9745db4b8f78eca",
                "sha256:f83505655dbeccb291bd50e81f0b34ab222862e99a79a691a0bec6b02e701420"
            ],
            "index": "pypi",
            "version": "==1.88.0"
        },
        "aws-cdk-aws-ecs-patterns": {
            "hashes": [
                "sha256:08ad25fe0a6a434cbaa0d2f77125c55c075fe71ebd87f2aa3498cd4a6c1b1bd7",
                "sha256:8190f26940c9d4873e48c7a71bc48f60a918a9d21f91ece5b57cc24d6b408f75"
            ],
            "index": "pypi",
            "version": "==1.88.0"
        },
        "aws-cdk-aws-iam": {
            "hashes": [
                "sha256:0ad9a86eaf416af82dbd550cc22eed46947ff2ab362002d5ed6f564f5762915f",
                "sha256:b112903b3e0ae4e914c67415e96c2b9f193b31ce635f1126096d76bfd44ca5f6"
            ],
            "index": "pypi",
            "version": "==1.88.0"
        },
        "aws-cdk-aws-logs": {
            "hashes": [
                "sha256:d4bf72c677a8bc5a6d9e1ab79b1381678388f7eec2260e09b6da52a0fba7c1ca",
                "sha256:e437704cde13837af255be2a3b84824cb475f73642369de9c69318c6cce4cf2f"
            ],
            "index": "pypi",
            "version": "==1.88.0"
        },
        "aws-cdk-core": {
            "hashes": [
                "sha256:171b9a4584a6740d073758b8a6ad53f03a65c903bb981964c85877f0d9ef949a",
                "sha256:c331e75137c316cd851fcc041e6bd1f247b4999fa2e252fac6ed2f0ba838a21e"
            ],
            "index": "pypi",
            "version": "==1.88.0"
        },
        "aws-cdk.assets": {
            "hashes": [
                "sha256:bdd329d46273ba402d8d7ae8efb323268d9c35bb023b1137357e3bd0afd06a42",
                "sha256:ff2acb7a8c7d119dfd183278ad9489d3097ecc10fe36e9d3bbe60b6e5e99b71b"
            ],
            "markers": "python_version >= '3.6'",
            "version": "==1.88.0"
        },
        "aws-cdk.aws-apigateway": {
            "hashes": [
                "sha256:192530e9f3223be8bfce1f647f52465580ba9829a7e4ab06b15b89d8e0bb7d8c",
                "sha256:ae08397c01d9827a8298c6c4d18f9a8037d7551bd8697840c680d602b7af3743"
            ],
            "markers": "python_version >= '3.6'",
            "version": "==1.88.0"
        },
        "aws-cdk.aws-apigatewayv2": {
            "hashes": [
                "sha256:20105cc5d85b2e7ebc12a3dc19df5e73a7ff4d45e96c68d61bcb3ece98a16d46",
                "sha256:d32fd3eb351d76a24f3e68a9512eae9600effe6fe8426f7096baca935ce75062"
            ],
            "markers": "python_version >= '3.6'",
            "version": "==1.88.0"
        },
        "aws-cdk.aws-applicationautoscaling": {
            "hashes": [
                "sha256:26d2b996a2e300eccab6a0b98c84ceeaddaebdd83796cee04b950d5c75365046",
                "sha256:d9cacdece706f81551c724769a98ba51fcb95684ad02619fe0222d89086b7e83"
            ],
            "index": "pypi",
            "markers": "python_version >= '3.6'",
            "version": "==1.88.0"
        },
        "aws-cdk.aws-autoscaling": {
            "hashes": [
                "sha256:9f246c23689b1eec3f1eec22301f3480db55e3a6c061d705b22555d9c18f94cd",
                "sha256:b34755eb67b07a980506a15fcfacf2b92e97c52cc2afda0b0b0bb8efcb60b904"
            ],
            "markers": "python_version >= '3.6'",
            "version": "==1.88.0"
        },
        "aws-cdk.aws-autoscaling-common": {
            "hashes": [
                "sha256:3d582bb1289493e8f0572f5e51956618043e43ff1c05cbcf90294c70056e9173",
                "sha256:edcc6bf6fcb48b0d1e2b4f086a191a5c23cb8d3bf9fe6d3b0c76164926bf9e2b"
            ],
            "markers": "python_version >= '3.6'",
            "version": "==1.88.0"
        },
        "aws-cdk.aws-autoscaling-hooktargets": {
            "hashes": [
                "sha256:34152aafa61c6dd1004fc1f862e5e6f0a94ad91c65e3a2f5cae138c8727117a4",
                "sha256:9ceac830ccaf5699266cbf1c742a1b9459fe3bcf88697925473595e9e33aec51"
            ],
            "markers": "python_version >= '3.6'",
            "version": "==1.88.0"
        },
        "aws-cdk.aws-batch": {
            "hashes": [
                "sha256:3882c135de045f9b216e0069350d1620d91c8befb7467231d65a76c924cec305",
                "sha256:96f8ebd131afcd785bbf59249993ee0d6eacca1029aaf152556ed216248f03e1"
            ],
            "markers": "python_version >= '3.6'",
            "version": "==1.88.0"
        },
        "aws-cdk.aws-certificatemanager": {
            "hashes": [
                "sha256:12c6d6ed955da1528f406eb383a90422b93a0fb3d4e0d76ce2f4c81dd6a98e05",
                "sha256:72691dda1b6bd3e3094da0a8bccedf154ae27f073c8d99c147d3379f5682bfd0"
            ],
            "markers": "python_version >= '3.6'",
            "version": "==1.88.0"
        },
        "aws-cdk.aws-cloudformation": {
            "hashes": [
                "sha256:2948a45beab3421d0c5d29764e56b9f398442bfad9374390c053e1aa997c6cac",
                "sha256:2f620ac2305dce8ab2e8f536f25e9fc3105d9e54ab125181c5148f9ba2585b17"
            ],
            "markers": "python_version >= '3.6'",
            "version": "==1.88.0"
        },
        "aws-cdk.aws-cloudfront": {
            "hashes": [
                "sha256:8d31ca3461e9b503d7e0c1a0cad22433c9772c62b9d34c5b73d37800dca3c85b",
                "sha256:b98c5869baaeba8ab851c5f2de9015cd3f0b2405dce6cc163fb083ec42003d70"
            ],
            "markers": "python_version >= '3.6'",
            "version": "==1.88.0"
        },
        "aws-cdk.aws-cloudwatch": {
            "hashes": [
                "sha256:4f7c860ad15831f51ab506c156ce4faa65667ad802a8f9964abac3993cd5ca85",
                "sha256:be5d2a4928c1dc91e8e21370a643a2a55c9204655816ab431a7b20bd1752283a"
            ],
            "markers": "python_version >= '3.6'",
            "version": "==1.88.0"
        },
        "aws-cdk.aws-codebuild": {
            "hashes": [
                "sha256:8889842c24a08a33c22422aad8fd897f532de940daf9182a5420f8811e9e0aba",
                "sha256:d3342034a567dd10dfc229222b914e4b235cc16a713c01c0c4ef02b9b678a910"
            ],
            "markers": "python_version >= '3.6'",
            "version": "==1.88.0"
        },
        "aws-cdk.aws-codecommit": {
            "hashes": [
                "sha256:052ce4639a089d56bb363bcdc9f9940580c397affd86eafef7e78a16d8ce4b5d",
                "sha256:1eb2f6e4e65e785286461f104b710c53eff5dcb3005c99228f9dfd37f748ba41"
            ],
            "markers": "python_version >= '3.6'",
            "version": "==1.88.0"
        },
        "aws-cdk.aws-codeguruprofiler": {
            "hashes": [
                "sha256:134fdad920ef8b149d4bf4460adf545340b0ad751a563d405bd6abd56dc63a47",
                "sha256:3d489e30a83649dabf81c87fe341e05935e17ef942334f3b8dc7ec14e5477608"
            ],
            "markers": "python_version >= '3.6'",
            "version": "==1.88.0"
        },
        "aws-cdk.aws-codepipeline": {
            "hashes": [
                "sha256:15ae3094a65f830840a2f7e06bcc04dd90c7f360639368738c291a6c0c06dd38",
                "sha256:b2d5b9842b2557194a2d630ab6df829625bf5485ae1b5c7301f4679e55caee94"
            ],
            "markers": "python_version >= '3.6'",
            "version": "==1.88.0"
        },
        "aws-cdk.aws-cognito": {
            "hashes": [
                "sha256:3e47bd4af974a4676cce3c13d61580ae56977eafbec7105405497331f336d0a5",
                "sha256:67028eb429ffd16bc9d9769aa927bbed5d94b1968b10e08dc8ffca01d5f30c5b"
            ],
            "markers": "python_version >= '3.6'",
            "version": "==1.88.0"
        },
        "aws-cdk.aws-ec2": {
            "hashes": [
                "sha256:240be1f3ef10fdd40e6c9bc3f29d99082f03b216cfb5f6fda454bbb462c3f212",
                "sha256:9161c271d6c579b3346b7a10c5ad487845f93da21e40319a4c329c4b16ddbc27"
            ],
            "markers": "python_version >= '3.6'",
            "version": "==1.88.0"
        },
        "aws-cdk.aws-ecr": {
            "hashes": [
                "sha256:5d000f167ff8a4b664bbd210ef10e5edf443e53397f34fa1407ead0553e83472",
                "sha256:c5015ceba71eb9988a9df6bd76489d78b0c9553e85266a213824564731458980"
            ],
            "markers": "python_version >= '3.6'",
            "version": "==1.88.0"
        },
        "aws-cdk.aws-ecr-assets": {
            "hashes": [
                "sha256:9f2da36e2cf2c59e2fb2cbead9a3c8340792e0dace016e722b4a033dfad2f4b8",
                "sha256:d405370ab171469ed67e51a806956a78dc149fefd23bb64335b207c899fa46d1"
            ],
            "markers": "python_version >= '3.6'",
            "version": "==1.88.0"
        },
        "aws-cdk.aws-ecs": {
            "hashes": [
                "sha256:4415f40da5930faa19cf6104afe551b64f749c9c346c0897d9745db4b8f78eca",
                "sha256:f83505655dbeccb291bd50e81f0b34ab222862e99a79a691a0bec6b02e701420"
            ],
            "index": "pypi",
            "markers": "python_version >= '3.6'",
            "version": "==1.88.0"
        },
        "aws-cdk.aws-efs": {
            "hashes": [
                "sha256:1997f5b6966c82b4e5224898402ec68bbdb9252a2ffd31ab2ef39eecdd8e5c10",
                "sha256:d6a8c61d0e8345bea541b642e8fb644f83718f84f57751a018e2fa42dcdffa09"
            ],
            "markers": "python_version >= '3.6'",
            "version": "==1.88.0"
        },
        "aws-cdk.aws-elasticloadbalancing": {
            "hashes": [
                "sha256:2783f54bd87dee0ad8118bed84d28a39a6090e483a2f7868a3b72ddab594f244",
                "sha256:2d972cdc4b2f24a6785a6c413865c66d9c358c276d65e88dd77cf58a337e74c5"
            ],
            "markers": "python_version >= '3.6'",
            "version": "==1.88.0"
        },
        "aws-cdk.aws-elasticloadbalancingv2": {
            "hashes": [
                "sha256:20c5a9935a83ed11f5b2c9facc74dd2a984a4de0ef5f88450eb23e188a4eb12c",
                "sha256:bf1e977d0a719454b67354e96c716853038ccf325aee1bfe2c0d9bd04d952a5d"
            ],
            "markers": "python_version >= '3.6'",
            "version": "==1.88.0"
        },
        "aws-cdk.aws-events": {
            "hashes": [
                "sha256:1842e8a2c2ef71636f2166c22653c96283398b99e2b4d52236bd983652c41f16",
                "sha256:21179adc5c0fdffe7f82578e96e240ce31e99ba3c25078e85f05df2849891cf3"
            ],
            "markers": "python_version >= '3.6'",
            "version": "==1.88.0"
        },
        "aws-cdk.aws-events-targets": {
            "hashes": [
                "sha256:59cebd861419eb45a1e8e71b0f81100f71eeef8c4862ebfc8c75d13abc8c2df3",
                "sha256:662fccaf3e414f0255aaaeabfbae706c1b3100223d345081f2fa43670bb66f06"
            ],
            "markers": "python_version >= '3.6'",
            "version": "==1.88.0"
        },
        "aws-cdk.aws-iam": {
            "hashes": [
                "sha256:0ad9a86eaf416af82dbd550cc22eed46947ff2ab362002d5ed6f564f5762915f",
                "sha256:b112903b3e0ae4e914c67415e96c2b9f193b31ce635f1126096d76bfd44ca5f6"
            ],
            "index": "pypi",
            "markers": "python_version >= '3.6'",
            "version": "==1.88.0"
        },
        "aws-cdk.aws-kinesis": {
            "hashes": [
                "sha256:605cc7c1ead1b8564f466460ca01e0a043699daa3abeaff7d5568209b9716a14",
                "sha256:ee4dd4a5f8ebaf487ff1b98ecf38d1fc5b154f4bbfd81f085bf4e10804d0fb4e"
            ],
            "markers": "python_version >= '3.6'",
            "version": "==1.88.0"
        },
        "aws-cdk.aws-kinesisfirehose": {
            "hashes": [
                "sha256:b212f0c1ee5009395448a58150815062f73e2983d50110b4bfbddc544ca17677",
                "sha256:b71db38cd10009aed0714f45d720b323f73e8a01f53ffce01548b64a478e4bb9"
            ],
            "markers": "python_version >= '3.6'",
            "version": "==1.88.0"
        },
        "aws-cdk.aws-kms": {
            "hashes": [
                "sha256:3dda969a71868b45784a1fb36c9ef6b7651b207640e83266f6fa86fcd48f74f4",
                "sha256:e59039681376e79d0b98e53c22fef101d336b19f78f85b6f45fa6b8914fa514d"
            ],
            "markers": "python_version >= '3.6'",
            "version": "==1.88.0"
        },
        "aws-cdk.aws-lambda": {
            "hashes": [
                "sha256:77227b967946a78735ba19093dea7c360c594e5f6200aba3241d895214cdf61a",
                "sha256:c4daa8329488ddc742dde41a32e2dabcf2df428f3be85a14ebf8d879136beb86"
            ],
            "markers": "python_version >= '3.6'",
            "version": "==1.88.0"
        },
        "aws-cdk.aws-logs": {
            "hashes": [
                "sha256:d4bf72c677a8bc5a6d9e1ab79b1381678388f7eec2260e09b6da52a0fba7c1ca",
                "sha256:e437704cde13837af255be2a3b84824cb475f73642369de9c69318c6cce4cf2f"
            ],
            "index": "pypi",
            "markers": "python_version >= '3.6'",
            "version": "==1.88.0"
        },
        "aws-cdk.aws-route53": {
            "hashes": [
                "sha256:3afa430673a910229399e541065d946b284ec459bddb9dbcb2806df4c3b14c72",
                "sha256:f90d8d0eaab5673eecc23800764cc7095121d5f4eb7b5351a9b9879df4b05ba7"
            ],
            "markers": "python_version >= '3.6'",
            "version": "==1.88.0"
        },
        "aws-cdk.aws-route53-targets": {
            "hashes": [
                "sha256:2b7d1ddcdf40c76bf59fb770ce0dbd49d2af0eb57a12a85a309fb5babf923054",
                "sha256:52ffb36607ebe34c162de3ac450164cb3a9e8339ec07909a8e5f4cebaaab1c5a"
            ],
            "markers": "python_version >= '3.6'",
            "version": "==1.88.0"
        },
        "aws-cdk.aws-s3": {
            "hashes": [
                "sha256:6a3781c948ec8e708a14c9e3ba271617889318a567409666ec71401671c3aa7a",
                "sha256:f86961cd3549a847ce6329203f265b4305490c46d1769dfc3401a41642ac8f83"
            ],
            "markers": "python_version >= '3.6'",
            "version": "==1.88.0"
        },
        "aws-cdk.aws-s3-assets": {
            "hashes": [
                "sha256:4f1659d0351aeb31e20c951698d821b49d82b3ac79b8992c4fac8ed973a13ef3",
                "sha256:5073ff0c757170d019b3d41c35cbd2bb48fbafd617d30c422e99d69ff2c025ee"
            ],
            "markers": "python_version >= '3.6'",
            "version": "==1.88.0"
        },
        "aws-cdk.aws-sam": {
            "hashes": [
                "sha256:0c1f9eb38c06d1c2141227bc86c0b70146447cbf4ff4dc46be825a4996d0cfb3",
                "sha256:a6cd4853605e69ec7158b279dbd5febda5a645e79068b2d27361e77bd1bf1dd1"
            ],
            "markers": "python_version >= '3.6'",
            "version": "==1.88.0"
        },
        "aws-cdk.aws-secretsmanager": {
            "hashes": [
                "sha256:5a251f65bb724116a22b3b129d4890fec62fc4d0075c83d8744070bbd7602194",
                "sha256:d0608cba11689aeb9166123ac7f0e907ff0134ff6d29edcac1caf986e8648eca"
            ],
            "markers": "python_version >= '3.6'",
            "version": "==1.88.0"
        },
        "aws-cdk.aws-servicediscovery": {
            "hashes": [
                "sha256:2a52882962d0df52c60440781a89c04a56a7ffe765b0eaa517614929f94a252d",
                "sha256:5bbd8149d5f2d5b987164377c19ab3e4b69cc96953a29e4e8ba85b1067f4f0d6"
            ],
            "markers": "python_version >= '3.6'",
            "version": "==1.88.0"
        },
        "aws-cdk.aws-sns": {
            "hashes": [
                "sha256:6cb3cfd3cd83d28f1e97117859e603a516582f9dcfbb5a85db78bcdd2a64e611",
                "sha256:b9a631bbf2ed21b3a04ce88261711c34477f0065bde5af8e28488ced9444ac65"
            ],
            "markers": "python_version >= '3.6'",
            "version": "==1.88.0"
        },
        "aws-cdk.aws-sns-subscriptions": {
            "hashes": [
                "sha256:47ac3eb12b7daba47991f3487fa3e09529a0c8f9491dafb409980b26efe07f74",
                "sha256:c2408fb2cd6269c9f473d33799362f5f9547a8efb2ed640c9570b5daa98857b6"
            ],
            "markers": "python_version >= '3.6'",
            "version": "==1.88.0"
        },
        "aws-cdk.aws-sqs": {
            "hashes": [
                "sha256:920ae7cf9ba25687e47bbf41c2266e3d081778f4cf811536583a71b4a35ea709",
                "sha256:fad08a475ad4157a6317fa72af0dfb5eb5bfc9734af880df34b2747460be9fef"
            ],
            "markers": "python_version >= '3.6'",
            "version": "==1.88.0"
        },
        "aws-cdk.aws-ssm": {
            "hashes": [
                "sha256:a2f69f610bf76e9239111f08974e3fe1a00fefc411e39952917b45bbd0c4e291",
                "sha256:cdcbeb626343bee0d7f460cd51c8b9c357f33a4e1c631a4f04db758fc5993ad2"
            ],
            "markers": "python_version >= '3.6'",
            "version": "==1.88.0"
        },
        "aws-cdk.aws-stepfunctions": {
            "hashes": [
                "sha256:369a6579792346f5311aa4532f80c667e85581f2742366492098c78249758289",
                "sha256:5de2a1a8888a83905a016acb85c63d6a5cd21f331e9d527d80b4fca8b2e4a23c"
            ],
            "markers": "python_version >= '3.6'",
            "version": "==1.88.0"
        },
        "aws-cdk.cloud-assembly-schema": {
            "hashes": [
                "sha256:0416e4fff2b59e0757a3b558d0ccaef903606c49efc17b339d4982e8325b1692",
                "sha256:cb50937472f9f024193df1e3afc62b011ffec9cedb9024f46bfc06adc9494293"
            ],
            "markers": "python_version >= '3.6'",
            "version": "==1.88.0"
        },
        "aws-cdk.core": {
            "hashes": [
                "sha256:171b9a4584a6740d073758b8a6ad53f03a65c903bb981964c85877f0d9ef949a",
                "sha256:c331e75137c316cd851fcc041e6bd1f247b4999fa2e252fac6ed2f0ba838a21e"
            ],
            "index": "pypi",
            "markers": "python_version >= '3.6'",
            "version": "==1.88.0"
        },
        "aws-cdk.custom-resources": {
            "hashes": [
                "sha256:67025d49fd390e1f53e49b1c89f425adc995db5458c4136725e4c7f2f54afe5a",
                "sha256:ab48020bad65097369b20295b59038f0b2599f0aa5afa45c3cae8795b43a6e77"
            ],
            "markers": "python_version >= '3.6'",
            "version": "==1.88.0"
        },
        "aws-cdk.cx-api": {
            "hashes": [
                "sha256:8ac3b2fbf62ae677049fb15978e60cf982ee963f6f9021d0107eb8539cc1255c",
                "sha256:af07cb914f7f5c55fda2d6f6edad76292b370457f2c00732162edccc1065a075"
            ],
            "markers": "python_version >= '3.6'",
            "version": "==1.88.0"
        },
        "aws-cdk.region-info": {
            "hashes": [
                "sha256:ade773e89770071d4fe0723876e875ff543f83f0731c909f177f8fd2a64ff5fd",
                "sha256:d988a78c2248a864732f11283dc8ffbaf1b8ca425201161378056aae114a8ea9"
            ],
            "markers": "python_version >= '3.6'",
            "version": "==1.88.0"
        },
        "cattrs": {
            "hashes": [
                "sha256:967ce8f99b79f112a500fc03d02c4da669966055ea190b0c59a023af0ae33e5f",
                "sha256:a5873cd4745a74388557730247b4bb005d762f8aba0ab7aa55bcbd190bdf3322"
            ],
            "markers": "python_version >= '3.7'",
            "version": "==1.1.2"
        },
        "constructs": {
            "hashes": [
                "sha256:cbd32edbd0d280fd1cc7edf2c96f3e534307d58f414c26a755f362e613c3553c",
                "sha256:cfd95e7c07adb0503f57cba2975414463a3250fef95fc04619dde12798ce0fcd"
            ],
            "markers": "python_version >= '3.6'",
            "version": "==3.3.12"
        },
        "jsii": {
            "hashes": [
                "sha256:cbd0acc24405b704ffcdfec88b37b26742b58e52e19626c8c6071ca9a1e04d0b",
                "sha256:ed7461b0af3972c414b1164c181748afe20f8e354349079f64eb1c0f478fbb3a"
            ],
            "markers": "python_version ~= '3.6'",
            "version": "==1.20.0"
        },
        "publication": {
            "hashes": [
                "sha256:0248885351febc11d8a1098d5c8e3ab2dabcf3e8c0c96db1e17ecd12b53afbe6",
                "sha256:68416a0de76dddcdd2930d1c8ef853a743cc96c82416c4e4d3b5d901c6276dc4"
            ],
            "version": "==0.0.3"
        },
        "python-dateutil": {
            "hashes": [
                "sha256:73ebfe9dbf22e832286dafa60473e4cd239f8592f699aa5adaf10050e6e1823c",
                "sha256:75bb3f31ea686f1197762692a9ee6a7550b59fc6ca3a1f4b5d7e32fb98e2da2a"
            ],
            "markers": "python_version >= '2.7' and python_version not in '3.0, 3.1, 3.2'",
            "version": "==2.8.1"
        },
        "six": {
            "hashes": [
                "sha256:0ff78c403d9bccf5a425a6d31a12aa6b47f1c21ca4dc2573a7e2f32a97335eb1",
                "sha256:105f8d68616f8248e24bf0e9372ef04d3cc10104f1980f54d57b2ce73a5ad56a"
            ],
            "version": "==1.10.0"
        },
        "typing-extensions": {
            "hashes": [
                "sha256:7cb407020f00f7bfc3cb3e7881628838e69d8f3fcab2f64742a5e76b2f841918",
                "sha256:99d4073b617d30288f569d3f13d2bd7548c3a7e4c8de87db09a9d29bb3a4a60c",
                "sha256:dafc7639cde7f1b6e1acc0f457842a83e722ccca8eef5270af2d74792619a89f"
            ],
            "version": "==3.7.4.3"
        }
    }
}
